
Microsoft Visual Studio Solution File, Format Version 12.00
# Visual Studio Version 17
VisualStudioVersion = 17.0.31903.59
MinimumVisualStudioVersion = 10.0.40219.1
Project("{FAE04EC0-301F-11D3-BF4B-00C04F79EFBC}") = "API", "API\API.csproj", "{2C33B48C-7D9F-4784-8DB3-A1AD30285997}"
EndProject
Project("{FAE04EC0-301F-11D3-BF4B-00C04F79EFBC}") = "Application", "Application\Application.csproj", "{A05B723C-ED71-41C3-8807-FA6F3347749F}"
EndProject
Project("{FAE04EC0-301F-11D3-BF4B-00C04F79EFBC}") = "Domain", "Domain\Domain.csproj", "{AA7067BF-52B9-4C75-A374-38FEAC630924}"
EndProject
Project("{FAE04EC0-301F-11D3-BF4B-00C04F79EFBC}") = "Persistence", "Persistence\Persistence.csproj", "{F74CFF30-FBD5-43DE-BB43-797619E1D8F7}"
EndProject
Global
	GlobalSection(SolutionConfigurationPlatforms) = preSolution
		Debug|Any CPU = Debug|Any CPU
		Release|Any CPU = Release|Any CPU
	EndGlobalSection
	GlobalSection(SolutionProperties) = preSolution
		HideSolutionNode = FALSE
	EndGlobalSection
	GlobalSection(ProjectConfigurationPlatforms) = postSolution
		{2C33B48C-7D9F-4784-8DB3-A1AD30285997}.Debug|Any CPU.ActiveCfg = Debug|Any CPU
		{2C33B48C-7D9F-4784-8DB3-A1AD30285997}.Debug|Any CPU.Build.0 = Debug|Any CPU
		{2C33B48C-7D9F-4784-8DB3-A1AD30285997}.Release|Any CPU.ActiveCfg = Release|Any CPU
		{2C33B48C-7D9F-4784-8DB3-A1AD30285997}.Release|Any CPU.Build.0 = Release|Any CPU
		{A05B723C-ED71-41C3-8807-FA6F3347749F}.Debug|Any CPU.ActiveCfg = Debug|Any CPU
		{A05B723C-ED71-41C3-8807-FA6F3347749F}.Debug|Any CPU.Build.0 = Debug|Any CPU
		{A05B723C-ED71-41C3-8807-FA6F3347749F}.Release|Any CPU.ActiveCfg = Release|Any CPU
		{A05B723C-ED71-41C3-8807-FA6F3347749F}.Release|Any CPU.Build.0 = Release|Any CPU
		{AA7067BF-52B9-4C75-A374-38FEAC630924}.Debug|Any CPU.ActiveCfg = Debug|Any CPU
		{AA7067BF-52B9-4C75-A374-38FEAC630924}.Debug|Any CPU.Build.0 = Debug|Any CPU
		{AA7067BF-52B9-4C75-A374-38FEAC630924}.Release|Any CPU.ActiveCfg = Release|Any CPU
		{AA7067BF-52B9-4C75-A374-38FEAC630924}.Release|Any CPU.Build.0 = Release|Any CPU
		{F74CFF30-FBD5-43DE-BB43-797619E1D8F7}.Debug|Any CPU.ActiveCfg = Debug|Any CPU
		{F74CFF30-FBD5-43DE-BB43-797619E1D8F7}.Debug|Any CPU.Build.0 = Debug|Any CPU
		{F74CFF30-FBD5-43DE-BB43-797619E1D8F7}.Release|Any CPU.ActiveCfg = Release|Any CPU
		{F74CFF30-FBD5-43DE-BB43-797619E1D8F7}.Release|Any CPU.Build.0 = Release|Any CPU
	EndGlobalSection
EndGlobal
